Microsoft Visual Studio Solution File, Format Version 11.00
# Visual Studio 2008

Project("{B444423D-8062-FE94-803B-01F5C4C4E2CC}") = "networkTest", "Assembly-CSharp.csproj", "{898BCFF2-F62E-8F6F-D308-70CC2CD2768C}"
EndProject
Global
	GlobalSection(SolutionConfigurationPlatforms) = preSolution
		Debug|Any CPU = Debug|Any CPU
		Release|Any CPU = Release|Any CPU
	EndGlobalSection
	GlobalSection(ProjectConfigurationPlatforms) = postSolution
		{898BCFF2-F62E-8F6F-D308-70CC2CD2768C}.Debug|Any CPU.ActiveCfg = Debug|Any CPU
		{898BCFF2-F62E-8F6F-D308-70CC2CD2768C}.Debug|Any CPU.Build.0 = Debug|Any CPU
		{898BCFF2-F62E-8F6F-D308-70CC2CD2768C}.Release|Any CPU.ActiveCfg = Release|Any CPU
		{898BCFF2-F62E-8F6F-D308-70CC2CD2768C}.Release|Any CPU.Build.0 = Release|Any CPU
	EndGlobalSection
	GlobalSection(SolutionProperties) = preSolution
		HideSolutionNode = FALSE
	EndGlobalSection
																														GlobalSection(MonoDevelopProperties) = preSolution
		StartupItem = Assembly-CSharp.csproj
		Policies = $0
		$0.TextStylePolicy = $1
		$1.inheritsSet = null
		$1.scope = text/x-csharp
		$0.CSharpFormattingPolicy = $2
		$2.inheritsSet = Mono
		$2.inheritsScope = text/x-csharp
		$2.scope = text/x-csharp
		$0.TextStylePolicy = $3
		$3.FileWidth = 120
		$3.TabWidth = 4
		$3.EolMarker = Unix
		$3.inheritsSet = Mono
		$3.inheritsScope = text/plain
		$3.scope = text/plain
	EndGlobalSection

EndGlobal
